
Microsoft Visual Studio Solution File, Format Version 12.00
# Visual Studio Version 17
VisualStudioVersion = 17.5.002.0
MinimumVisualStudioVersion = 10.0.40219.1
Project("{2150E333-8FDC-42A3-9474-1A3956D46DE8}") = "Examen", "Examen", "{72336194-C52A-43D6-8395-6C45C918E88E}"
EndProject
Project("{9A19103F-16F7-4668-BE54-9A1E7A4F7556}") = "Web sockets", "Examen\Web sockets\Web sockets.csproj", "{B66DF1A5-45CF-43F3-A43A-E51D64B6E4FF}"
EndProject
Global
	GlobalSection(SolutionConfigurationPlatforms) = preSolution
		Debug|Any CPU = Debug|Any CPU
		Release|Any CPU = Release|Any CPU
	EndGlobalSection
	GlobalSection(ProjectConfigurationPlatforms) = postSolution
		{B66DF1A5-45CF-43F3-A43A-E51D64B6E4FF}.Debug|Any CPU.ActiveCfg = Debug|Any CPU
		{B66DF1A5-45CF-43F3-A43A-E51D64B6E4FF}.Debug|Any CPU.Build.0 = Debug|Any CPU
		{B66DF1A5-45CF-43F3-A43A-E51D64B6E4FF}.Release|Any CPU.ActiveCfg = Release|Any CPU
		{B66DF1A5-45CF-43F3-A43A-E51D64B6E4FF}.Release|Any CPU.Build.0 = Release|Any CPU
	EndGlobalSection
	GlobalSection(SolutionProperties) = preSolution
		HideSolutionNode = FALSE
	EndGlobalSection
	GlobalSection(NestedProjects) = preSolution
		{B66DF1A5-45CF-43F3-A43A-E51D64B6E4FF} = {72336194-C52A-43D6-8395-6C45C918E88E}
	EndGlobalSection
	GlobalSection(ExtensibilityGlobals) = postSolution
		SolutionGuid = {12F5B31C-DEFB-4DA6-BF9B-54CBF26FDA23}
	EndGlobalSection
EndGlobal
